# This file is @generated by PDM.
# It is not intended for manual editing.

[metadata]
groups = ["default"]
strategy = ["inherit_metadata"]
lock_version = "4.5.0"
content_hash = "sha256:5d7cc23b56cf7d25d9088a18ec7196535cd73091719595280743938c6baede3c"

[[metadata.targets]]
requires_python = "==3.11.*"

[[package]]
name = "contourpy"
version = "1.3.3"
requires_python = ">=3.11"
summary = "Python library for calculating contours of 2D quadrilateral grids"
groups = ["default"]
dependencies = [
    "numpy>=1.25",
]
files = [
    {file = "contourpy-1.3.3-cp311-cp311-macosx_10_9_x86_64.whl", hash = "sha256:709a48ef9a690e1343202916450bc48b9e51c049b089c7f79a267b46cffcdaa1"},
    {file = "contourpy-1.3.3-cp311-cp311-macosx_11_0_arm64.whl", hash = "sha256:23416f38bfd74d5d28ab8429cc4d63fa67d5068bd711a85edb1c3fb0c3e2f381"},
    {file = "contourpy-1.3.3-cp311-cp311-manylinux_2_26_aarch64.manylinux_2_28_aarch64.whl", hash = "sha256:929ddf8c4c7f348e4c0a5a3a714b5c8542ffaa8c22954862a46ca1813b667ee7"},
    {file = "contourpy-1.3.3-cp311-cp311-manylinux_2_26_ppc64le.manylinux_2_28_ppc64le.whl", hash = "sha256:9e999574eddae35f1312c2b4b717b7885d4edd6cb46700e04f7f02db454e67c1"},
    {file = "contourpy-1.3.3-cp311-cp311-manylinux_2_26_s390x.manylinux_2_28_s390x.whl", hash = "sha256:0bf67e0e3f482cb69779dd3061b534eb35ac9b17f163d851e2a547d56dba0a3a"},
    {file = "contourpy-1.3.3-cp311-cp311-manylinux_2_27_x86_64.manylinux_2_28_x86_64.whl", hash = "sha256:51e79c1f7470158e838808d4a996fa9bac72c498e93d8ebe5119bc1e6becb0db"},
    {file = "contourpy-1.3.3-cp311-cp311-musllinux_1_2_aarch64.whl", hash = "sha256:598c3aaece21c503615fd59c92a3598b428b2f01bfb4b8ca9c4edeecc2438620"},
    {file = "contourpy-1.3.3-cp311-cp311-musllinux_1_2_x86_64.whl", hash = "sha256:322ab1c99b008dad206d406bb61d014cf0174df491ae9d9d0fac6a6fda4f977f"},
    {file = "contourpy-1.3.3-cp311-cp311-win32.whl", hash = "sha256:fd907ae12cd483cd83e414b12941c632a969171bf90fc937d0c9f268a31cafff"},
    {file = "contourpy-1.3.3-cp311-cp311-win_amd64.whl", hash = "sha256:3519428f6be58431c56581f1694ba8e50626f2dd550af225f82fb5f5814d2a42"},
    {file = "contourpy-1.3.3-cp311-cp311-win_arm64.whl", hash = "sha256:15ff10bfada4bf92ec8b31c62bf7c1834c244019b4a33095a68000d7075df470"},
    {file = "contourpy-1.3.3-pp311-pypy311_pp73-macosx_10_15_x86_64.whl", hash = "sha256:cd5dfcaeb10f7b7f9dc8941717c6c2ade08f587be2226222c12b25f0483ed497"},
    {file = "contourpy-1.3.3-pp311-pypy311_pp73-macosx_11_0_arm64.whl", hash = "sha256:0c1fc238306b35f246d61a1d416a627348b5cf0648648a031e14bb8705fcdfe8"},
    {file = "contourpy-1.3.3-pp311-pypy311_pp73-manylinux_2_26_aarch64.manylinux_2_28_aarch64.whl", hash = "sha256:70f9aad7de812d6541d29d2bbf8feb22ff7e1c299523db288004e3157ff4674e"},
    {file = "contourpy-1.3.3-pp311-pypy311_pp73-manylinux_2_27_x86_64.manylinux_2_28_x86_64.whl", hash = "sha256:5ed3657edf08512fc3fe81b510e35c2012fbd3081d2e26160f27ca28affec989"},
    {file = "contourpy-1.3.3-pp311-pypy311_pp73-win_amd64.whl", hash = "sha256:3d1a3799d62d45c18bafd41c5fa05120b96a28079f2393af559b843d1a966a77"},
    {file = "contourpy-1.3.3.tar.gz", hash = "sha256:083e12155b210502d0bca491432bb04d56dc3432f95a979b429f2848c3dbe880"},
]

[[package]]
name = "cycler"
version = "0.12.1"
requires_python = ">=3.8"
summary = "Composable style cycles"
groups = ["default"]
files = [
    {file = "cycler-0.12.1-py3-none-any.whl", hash = "sha256:85cef7cff222d8644161529808465972e51340599459b8ac3ccbac5a854e0d30"},
    {file = "cycler-0.12.1.tar.gz", hash = "sha256:88bb128f02ba341da8ef447245a9e138fae777f6a23943da4540077d3601eb1c"},
]

[[package]]
name = "fonttools"
version = "4.61.1"
requires_python = ">=3.10"
summary = "Tools to manipulate font files"
groups = ["default"]
files = [
    {file = "fonttools-4.61.1-cp311-cp311-macosx_10_9_universal2.whl", hash = "sha256:c6604b735bb12fef8e0efd5578c9fb5d3d8532d5001ea13a19cddf295673ee09"},
    {file = "fonttools-4.61.1-cp311-cp311-macosx_10_9_x86_64.whl", hash = "sha256:5ce02f38a754f207f2f06557523cd39a06438ba3aafc0639c477ac409fc64e37"},
    {file = "fonttools-4.61.1-cp311-cp311-manylinux2014_aarch64.manylinux_2_17_aarch64.manylinux_2_28_aarch64.whl", hash = "sha256:77efb033d8d7ff233385f30c62c7c79271c8885d5c9657d967ede124671bbdfb"},
    {file = "fonttools-4.61.1-cp311-cp311-manylinux2014_x86_64.manylinux_2_17_x86_64.whl", hash = "sha256:75c1a6dfac6abd407634420c93864a1e274ebc1c7531346d9254c0d8f6ca00f9"},
    {file = "fonttools-4.61.1-cp311-cp311-musllinux_1_2_aarch64.whl", hash = "sha256:0de30bfe7745c0d1ffa2b0b7048fb7123ad0d71107e10ee090fa0b16b9452e87"},
    {file = "fonttools-4.61.1-cp311-cp311-musllinux_1_2_x86_64.whl", hash = "sha256:58b0ee0ab5b1fc9921eccfe11d1435added19d6494dde14e323f25ad2bc30c56"},
    {file = "fonttools-4.61.1-cp311-cp311-win32.whl", hash = "sha256:f79b168428351d11e10c5aeb61a74e1851ec221081299f4cf56036a95431c43a"},
    {file = "fonttools-4.61.1-cp311-cp311-win_amd64.whl", hash = "sha256:fe2efccb324948a11dd09d22136fe2ac8a97d6c1347cf0b58a911dcd529f66b7"},
    {file = "fonttools-4.61.1-py3-none-any.whl", hash = "sha256:17d2bf5d541add43822bcf0c43d7d847b160c9bb01d15d5007d84e2217aaa371"},
    {file = "fonttools-4.61.1.tar.gz", hash = "sha256:6675329885c44657f826ef01d9e4fb33b9158e9d93c537d84ad8399539bc6f69"},
]

[[package]]
name = "kiwisolver"
version = "1.4.9"
requires_python = ">=3.10"
summary = "A fast implementation of the Cassowary constraint solver"
groups = ["default"]
files = [
    {file = "kiwisolver-1.4.9-cp311-cp311-macosx_10_9_universal2.whl", hash = "sha256:eb14a5da6dc7642b0f3a18f13654847cd8b7a2550e2645a5bda677862b03ba16"},
    {file = "kiwisolver-1.4.9-cp311-cp311-macosx_10_9_x86_64.whl", hash = "sha256:39a219e1c81ae3b103643d2aedb90f1ef22650deb266ff12a19e7773f3e5f089"},
    {file = "kiwisolver-1.4.9-cp311-cp311-macosx_11_0_arm64.whl", hash = "sha256:2405a7d98604b87f3fc28b1716783534b1b4b8510d8142adca34ee0bc3c87543"},
    {file = "kiwisolver-1.4.9-cp311-cp311-manylinux2014_x86_64.manylinux_2_17_x86_64.whl", hash = "sha256:dc1ae486f9abcef254b5618dfb4113dd49f94c68e3e027d03cf0143f3f772b61"},
    {file = "kiwisolver-1.4.9-cp311-cp311-manylinux_2_24_aarch64.manylinux_2_28_aarch64.whl", hash = "sha256:8a1f570ce4d62d718dce3f179ee78dac3b545ac16c0c04bb363b7607a949c0d1"},
    {file = "kiwisolver-1.4.9-cp311-cp311-manylinux_2_24_ppc64le.manylinux_2_28_ppc64le.whl", hash = "sha256:cb27e7b78d716c591e88e0a09a2139c6577865d7f2e152488c2cc6257f460872"},
    {file = "kiwisolver-1.4.9-cp311-cp311-manylinux_2_24_s390x.manylinux_2_28_s390x.whl", hash = "sha256:15163165efc2f627eb9687ea5f3a28137217d217ac4024893d753f46bce9de26"},
    {file = "kiwisolver-1.4.9-cp311-cp311-musllinux_1_2_aarch64.whl", hash = "sha256:bdee92c56a71d2b24c33a7d4c2856bd6419d017e08caa7802d2963870e315028"},
    {file = "kiwisolver-1.4.9-cp311-cp311-musllinux_1_2_ppc64le.whl", hash = "sha256:412f287c55a6f54b0650bd9b6dce5aceddb95864a1a90c87af16979d37c89771"},
    {file = "kiwisolver-1.4.9-cp311-cp311-musllinux_1_2_s390x.whl", hash = "sha256:2c93f00dcba2eea70af2be5f11a830a742fe6b579a1d4e00f47760ef13be247a"},
    {file = "kiwisolver-1.4.9-cp311-cp311-musllinux_1_2_x86_64.whl", hash = "sha256:f117e1a089d9411663a3207ba874f31be9ac8eaa5b533787024dc07aeb74f464"},
    {file = "kiwisolver-1.4.9-cp311-cp311-win_amd64.whl", hash = "sha256:be6a04e6c79819c9a8c2373317d19a96048e5a3f90bec587787e86a1153883c2"},
    {file = "kiwisolver-1.4.9-cp311-cp311-win_arm64.whl", hash = "sha256:0ae37737256ba2de764ddc12aed4956460277f00c4996d51a197e72f62f5eec7"},
    {file = "kiwisolver-1.4.9-pp311-pypy311_pp73-macosx_10_15_x86_64.whl", hash = "sha256:720e05574713db64c356e86732c0f3c5252818d05f9df320f0ad8380641acea5"},
    {file = "kiwisolver-1.4.9-pp311-pypy311_pp73-macosx_11_0_arm64.whl", hash = "sha256:17680d737d5335b552994a2008fab4c851bcd7de33094a82067ef3a576ff02fa"},
    {file = "kiwisolver-1.4.9-pp311-pypy311_pp73-manylinux2014_x86_64.manylinux_2_17_x86_64.whl", hash = "sha256:85b5352f94e490c028926ea567fc569c52ec79ce131dadb968d3853e809518c2"},
    {file = "kiwisolver-1.4.9-pp311-pypy311_pp73-manylinux_2_24_aarch64.manylinux_2_28_aarch64.whl", hash = "sha256:464415881e4801295659462c49461a24fb107c140de781d55518c4b80cb6790f"},
    {file = "kiwisolver-1.4.9-pp311-pypy311_pp73-win_amd64.whl", hash = "sha256:fb940820c63a9590d31d88b815e7a3aa5915cad3ce735ab45f0c730b39547de1"},
    {file = "kiwisolver-1.4.9.tar.gz", hash = "sha256:c3b22c26c6fd6811b0ae8363b95ca8ce4ea3c202d3d0975b2914310ceb1bcc4d"},
]

[[package]]
name = "matplotlib"
version = "3.10.8"
requires_python = ">=3.10"
summary = "Python plotting package"
groups = ["default"]
dependencies = [
    "contourpy>=1.0.1",
    "cycler>=0.10",
    "fonttools>=4.22.0",
    "kiwisolver>=1.3.1",
    "numpy>=1.23",
    "packaging>=20.0",
    "pillow>=8",
    "pyparsing>=3",
    "python-dateutil>=2.7",
]
files = [
    {file = "matplotlib-3.10.8-cp311-cp311-macosx_10_12_x86_64.whl", hash = "sha256:6be43b667360fef5c754dda5d25a32e6307a03c204f3c0fc5468b78fa87b4160"},
    {file = "matplotlib-3.10.8-cp311-cp311-macosx_11_0_arm64.whl", hash = "sha256:a2b336e2d91a3d7006864e0990c83b216fcdca64b5a6484912902cef87313d78"},
    {file = "matplotlib-3.10.8-cp311-cp311-manylinux2014_x86_64.manylinux_2_17_x86_64.whl", hash = "sha256:efb30e3baaea72ce5928e32bab719ab4770099079d66726a62b11b1ef7273be4"},
    {file = "matplotlib-3.10.8-cp311-cp311-manylinux_2_27_aarch64.manylinux_2_28_aarch64.whl", hash = "sha256:d56a1efd5bfd61486c8bc968fa18734464556f0fb8e51690f4ac25d85cbbbbc2"},
    {file = "matplotlib-3.10.8-cp311-cp311-musllinux_1_2_x86_64.whl", hash = "sha256:238b7ce5717600615c895050239ec955d91f321c209dd110db988500558e70d6"},
    {file = "matplotlib-3.10.8-cp311-cp311-win_amd64.whl", hash = "sha256:18821ace09c763ec93aef5eeff087ee493a24051936d7b9ebcad9662f66501f9"},
    {file = "matplotlib-3.10.8-cp311-cp311-win_arm64.whl", hash = "sha256:bab485bcf8b1c7d2060b4fcb6fc368a9e6f4cd754c9c2fea281f4be21df394a2"},
    {file = "matplotlib-3.10.8-pp311-pypy311_pp73-macosx_10_15_x86_64.whl", hash = "sha256:6da7c2ce169267d0d066adcf63758f0604aa6c3eebf67458930f9d9b79ad1db1"},
    {file = "matplotlib-3.10.8-pp311-pypy311_pp73-macosx_11_0_arm64.whl", hash = "sha256:9153c3292705be9f9c64498a8872118540c3f4123d1a1c840172edf262c8be4a"},
    {file = "matplotlib-3.10.8-pp311-pypy311_pp73-manylinux2014_x86_64.manylinux_2_17_x86_64.whl", hash = "sha256:1ae029229a57cd1e8fe542485f27e7ca7b23aa9e8944ddb4985d0bc444f1eca2"},
    {file = "matplotlib-3.10.8.tar.gz", hash = "sha256:2299372c19d56bcd35cf05a2738308758d32b9eaed2371898d8f5bd33f084aa3"},
]

[[package]]
name = "numpy"
version = "2.3.5"
requires_python = ">=3.11"
summary = "Fundamental package for array computing in Python"
groups = ["default"]
files = [
    {file = "numpy-2.3.5-cp311-cp311-macosx_10_9_x86_64.whl", hash = "sha256:de5672f4a7b200c15a4127042170a694d4df43c992948f5e1af57f0174beed10"},
    {file = "numpy-2.3.5-cp311-cp311-macosx_11_0_arm64.whl", hash = "sha256:acfd89508504a19ed06ef963ad544ec6664518c863436306153e13e94605c218"},
    {file = "numpy-2.3.5-cp311-cp311-macosx_14_0_arm64.whl", hash = "sha256:ffe22d2b05504f786c867c8395de703937f934272eb67586817b46188b4ded6d"},
    {file = "numpy-2.3.5-cp311-cp311-macosx_14_0_x86_64.whl", hash = "sha256:872a5cf366aec6bb1147336480fef14c9164b154aeb6542327de4970282cd2f5"},
    {file = "numpy-2.3.5-cp311-cp311-manylinux_2_27_aarch64.manylinux_2_28_aarch64.whl", hash = "sha256:3095bdb8dd297e5920b010e96134ed91d852d81d490e787beca7e35ae1d89cf7"},
    {file = "numpy-2.3.5-cp311-cp311-manylinux_2_27_x86_64.manylinux_2_28_x86_64.whl", hash = "sha256:8cba086a43d54ca804ce711b2a940b16e452807acebe7852ff327f1ecd49b0d4"},
    {file = "numpy-2.3.5-cp311-cp311-musllinux_1_2_aarch64.whl", hash = "sha256:6cf9b429b21df6b99f4dee7a1218b8b7ffbbe7df8764dc0bd60ce8a0708fed1e"},
    {file = "numpy-2.3.5-cp311-cp311-musllinux_1_2_x86_64.whl", hash = "sha256:396084a36abdb603546b119d96528c2f6263921c50df3c8fd7cb28873a237748"},
    {file = "numpy-2.3.5-cp311-cp311-win32.whl", hash = "sha256:b0c7088a73aef3d687c4deef8452a3ac7c1be4e29ed8bf3b366c8111128ac60c"},
    {file = "numpy-2.3.5-cp311-cp311-win_amd64.whl", hash = "sha256:a414504bef8945eae5f2d7cb7be2d4af77c5d1cb5e20b296c2c25b61dff2900c"},
    {file = "numpy-2.3.5-cp311-cp311-win_arm64.whl", hash = "sha256:0cd00b7b36e35398fa2d16af7b907b65304ef8bb4817a550e06e5012929830fa"},
    {file = "numpy-2.3.5-pp311-pypy311_pp73-macosx_10_15_x86_64.whl", hash = "sha256:f0963b55cdd70fad460fa4c1341f12f976bb26cb66021a5580329bd498988310"},
    {file = "numpy-2.3.5-pp311-pypy311_pp73-macosx_11_0_arm64.whl", hash = "sha256:f4255143f5160d0de972d28c8f9665d882b5f61309d8362fdd3e103cf7bf010c"},
    {file = "numpy-2.3.5-pp311-pypy311_pp73-macosx_14_0_arm64.whl", hash = "sha256:a4b9159734b326535f4dd01d947f919c6eefd2d9827466a696c44ced82dfbc18"},
    {file = "numpy-2.3.5-pp311-pypy311_pp73-macosx_14_0_x86_64.whl", hash = "sha256:2feae0d2c91d46e59fcd62784a3a83b3fb677fead592ce51b5a6fbb4f95965ff"},
    {file = "numpy-2.3.5-pp311-pypy311_pp73-manylinux_2_27_aarch64.manylinux_2_28_aarch64.whl", hash = "sha256:ffac52f28a7849ad7576293c0cb7b9f08304e8f7d738a8cb8a90ec4c55a998eb"},
    {file = "numpy-2.3.5-pp311-pypy311_pp73-manylinux_2_27_x86_64.manylinux_2_28_x86_64.whl", hash = "sha256:63c0e9e7eea69588479ebf4a8a270d5ac22763cc5854e9a7eae952a3908103f7"},
    {file = "numpy-2.3.5-pp311-pypy311_pp73-win_amd64.whl", hash = "sha256:f16417ec91f12f814b10bafe79ef77e70113a2f5f7018640e7425ff979253425"},
    {file = "numpy-2.3.5.tar.gz", hash = "sha256:784db1dcdab56bf0517743e746dfb0f885fc68d948aba86eeec2cba234bdf1c0"},
]

[[package]]
name = "packaging"
version = "25.0"
requires_python = ">=3.8"
summary = "Core utilities for Python packages"
groups = ["default"]
files = [
    {file = "packaging-25.0-py3-none-any.whl", hash = "sha256:29572ef2b1f17581046b3a2227d5c611fb25ec70ca1ba8554b24b0e69331a484"},
    {file = "packaging-25.0.tar.gz", hash = "sha256:d443872c98d677bf60f6a1f2f8c1cb748e8fe762d2bf9d3148b5599295b0fc4f"},
]

[[package]]
name = "pillow"
version = "12.0.0"
requires_python = ">=3.10"
summary = "Python Imaging Library (fork)"
groups = ["default"]
files = [
    {file = "pillow-12.0.0-cp311-cp311-macosx_10_10_x86_64.whl", hash = "sha256:0fd00cac9c03256c8b2ff58f162ebcd2587ad3e1f2e397eab718c47e24d231cc"},
    {file = "pillow-12.0.0-cp311-cp311-macosx_11_0_arm64.whl", hash = "sha256:a3475b96f5908b3b16c47533daaa87380c491357d197564e0ba34ae75c0f3257"},
    {file = "pillow-12.0.0-cp311-cp311-manylinux2014_aarch64.manylinux_2_17_aarch64.whl", hash = "sha256:110486b79f2d112cf6add83b28b627e369219388f64ef2f960fef9ebaf54c642"},
    {file = "pillow-12.0.0-cp311-cp311-manylinux2014_x86_64.manylinux_2_17_x86_64.whl", hash = "sha256:5269cc1caeedb67e6f7269a42014f381f45e2e7cd42d834ede3c703a1d915fe3"},
    {file = "pillow-12.0.0-cp311-cp311-manylinux_2_27_aarch64.manylinux_2_28_aarch64.whl", hash = "sha256:aa5129de4e174daccbc59d0a3b6d20eaf24417d59851c07ebb37aeb02947987c"},
    {file = "pillow-12.0.0-cp311-cp311-manylinux_2_27_x86_64.manylinux_2_28_x86_64.whl", hash = "sha256:bee2a6db3a7242ea309aa7ee8e2780726fed67ff4e5b40169f2c940e7eb09227"},
    {file = "pillow-12.0.0-cp311-cp311-musllinux_1_2_aarch64.whl", hash = "sha256:90387104ee8400a7b4598253b4c406f8958f59fcf983a6cea2b50d59f7d63d0b"},
    {file = "pillow-12.0.0-cp311-cp311-musllinux_1_2_x86_64.whl", hash = "sha256:bc91a56697869546d1b8f0a3ff35224557ae7f881050e99f615e0119bf934b4e"},
    {file = "pillow-12.0.0-cp311-cp311-win32.whl", hash = "sha256:27f95b12453d165099c84f8a8bfdfd46b9e4bda9e0e4b65f0635430027f55739"},
    {file = "pillow-12.0.0-cp311-cp311-win_amd64.whl", hash = "sha256:b583dc9070312190192631373c6c8ed277254aa6e6084b74bdd0a6d3b221608e"},
    {file = "pillow-12.0.0-cp311-cp311-win_arm64.whl", hash = "sha256:759de84a33be3b178a64c8ba28ad5c135900359e85fb662bc6e403ad4407791d"},
    {file = "pillow-12.0.0-pp311-pypy311_pp73-macosx_10_15_x86_64.whl", hash = "sha256:b22bd8c974942477156be55a768f7aa37c46904c175be4e158b6a86e3a6b7ca8"},
    {file = "pillow-12.0.0-pp311-pypy311_pp73-macosx_11_0_arm64.whl", hash = "sha256:805ebf596939e48dbb2e4922a1d3852cfc25c38160751ce02da93058b48d252a"},
    {file = "pillow-12.0.0-pp311-pypy311_pp73-manylinux2014_aarch64.manylinux_2_17_aarch64.whl", hash = "sha256:cae81479f77420d217def5f54b5b9d279804d17e982e0f2fa19b1d1e14ab5197"},
    {file = "pillow-12.0.0-pp311-pypy311_pp73-manylinux2014_x86_64.manylinux_2_17_x86_64.whl", hash = "sha256:aeaefa96c768fc66818730b952a862235d68825c178f1b3ffd4efd7ad2edcb7c"},
    {file = "pillow-12.0.0-pp311-pypy311_pp73-manylinux_2_27_aarch64.manylinux_2_28_aarch64.whl", hash = "sha256:09f2d0abef9e4e2f349305a4f8cc784a8a6c2f58a8c4892eea13b10a943bd26e"},
    {file = "pillow-12.0.0-pp311-pypy311_pp73-manylinux_2_27_x86_64.manylinux_2_28_x86_64.whl", hash = "sha256:bdee52571a343d721fb2eb3b090a82d959ff37fc631e3f70422e0c2e029f3e76"},
    {file = "pillow-12.0.0-pp311-pypy311_pp73-win_amd64.whl", hash = "sha256:b290fd8aa38422444d4b50d579de197557f182ef1068b75f5aa8558638b8d0a5"},
    {file = "pillow-12.0.0.tar.gz", hash = "sha256:87d4f8125c9988bfbed67af47dd7a953e2fc7b0cc1e7800ec6d2080d490bb353"},
]

[[package]]
name = "pyparsing"
version = "3.2.5"
requires_python = ">=3.9"
summary = "pyparsing - Classes and methods to define and execute parsing grammars"
groups = ["default"]
files = [
    {file = "pyparsing-3.2.5-py3-none-any.whl", hash = "sha256:e38a4f02064cf41fe6593d328d0512495ad1f3d8a91c4f73fc401b3079a59a5e"},
    {file = "pyparsing-3.2.5.tar.gz", hash = "sha256:2df8d5b7b2802ef88e8d016a2eb9c7aeaa923529cd251ed0fe4608275d4105b6"},
]

[[package]]
name = "python-dateutil"
version = "2.9.0.post0"
requires_python = "!=3.0.*,!=3.1.*,!=3.2.*,>=2.7"
summary = "Extensions to the standard Python datetime module"
groups = ["default"]
dependencies = [
    "six>=1.5",
]
files = [
    {file = "python-dateutil-2.9.0.post0.tar.gz", hash = "sha256:37dd54208da7e1cd875388217d5e00ebd4179249f90fb72437e91a35459a0ad3"},
    {file = "python_dateutil-2.9.0.post0-py2.py3-none-any.whl", hash = "sha256:a8b2bc7bffae282281c8140a97d3aa9c14da0b136dfe83f850eea9a5f7470427"},
]

[[package]]
name = "six"
version = "1.17.0"
requires_python = "!=3.0.*,!=3.1.*,!=3.2.*,>=2.7"
summary = "Python 2 and 3 compatibility utilities"
groups = ["default"]
files = [
    {file = "six-1.17.0-py2.py3-none-any.whl", hash = "sha256:4721f391ed90541fddacab5acf947aa0d3dc7d27b2e1e8eda2be8970586c3274"},
    {file = "six-1.17.0.tar.gz", hash = "sha256:ff70335d468e7eb6ec65b95b99d3a2836546063f63acc5171de367e834932a81"},
]

[[package]]
name = "z3-solver"
version = "4.15.4.0"
summary = "an efficient SMT solver library"
groups = ["default"]
dependencies = [
    "importlib-resources; python_version < \"3.9\"",
]
files = [
    {file = "z3_solver-4.15.4.0-py3-none-macosx_13_0_arm64.whl", hash = "sha256:407e825cc9211f95ef46bdc8d151bf630e7ab2d62a21d24cd74c09cc5b73f3aa"},
    {file = "z3_solver-4.15.4.0-py3-none-macosx_13_0_x86_64.whl", hash = "sha256:00bd10c5a6a5f6112d3a9a810d0799227e52f76caa860dafa5e00966bb47eb13"},
    {file = "z3_solver-4.15.4.0-py3-none-manylinux_2_17_x86_64.manylinux2014_x86_64.whl", hash = "sha256:7e103a6f203f505b8b8b8e5c931cc407c95b61556512d4921c1ddc0b3f41b08e"},
    {file = "z3_solver-4.15.4.0-py3-none-manylinux_2_34_aarch64.whl", hash = "sha256:62c7e9cbdd711932301f29919ad9158de9b2f58b4d281dd259bbcd0a2f408ba1"},
    {file = "z3_solver-4.15.4.0-py3-none-win32.whl", hash = "sha256:be3bc916545c96ffbf89e00d07104ff14f78336e55db069177a1bfbcc01b269d"},
    {file = "z3_solver-4.15.4.0-py3-none-win_amd64.whl", hash = "sha256:00e35b02632ed085ea8199fb230f6015e6fc40554a6680c097bd5f060e827431"},
    {file = "z3_solver-4.15.4.0.tar.gz", hash = "sha256:928c29b58c4eb62106da51c1914f6a4a55d0441f8f48a81b9da07950434a8946"},
]
